
Microsoft Visual Studio Solution File, Format Version 12.00
# Visual Studio Version 17
VisualStudioVersion = 17.1.32319.34
MinimumVisualStudioVersion = 10.0.40219.1
Project("{FAE04EC0-301F-11D3-BF4B-00C04F79EFBC}") = "power-monitor-ui", "power-monitor-ui\power-monitor-ui.csproj", "{0D7E03B0-9948-48E2-A426-09D1B08F6EF8}"
EndProject
Project("{FAE04EC0-301F-11D3-BF4B-00C04F79EFBC}") = "power-monitor-worker", "power-monitor-worker\power-monitor-worker.csproj", "{F2682F00-37D0-4806-A31C-7CDFA62B9B42}"
EndProject
Project("{E53339B2-1760-4266-BCC7-CA923CBCF16C}") = "docker-compose", "docker-compose.dcproj", "{D692C304-6B0A-46B8-B0B8-57539D253273}"
EndProject
Global
	GlobalSection(SolutionConfigurationPlatforms) = preSolution
		Debug|Any CPU = Debug|Any CPU
		Release|Any CPU = Release|Any CPU
	EndGlobalSection
	GlobalSection(ProjectConfigurationPlatforms) = postSolution
		{0D7E03B0-9948-48E2-A426-09D1B08F6EF8}.Debug|Any CPU.ActiveCfg = Debug|Any CPU
		{0D7E03B0-9948-48E2-A426-09D1B08F6EF8}.Debug|Any CPU.Build.0 = Debug|Any CPU
		{0D7E03B0-9948-48E2-A426-09D1B08F6EF8}.Release|Any CPU.ActiveCfg = Release|Any CPU
		{0D7E03B0-9948-48E2-A426-09D1B08F6EF8}.Release|Any CPU.Build.0 = Release|Any CPU
		{F2682F00-37D0-4806-A31C-7CDFA62B9B42}.Debug|Any CPU.ActiveCfg = Debug|Any CPU
		{F2682F00-37D0-4806-A31C-7CDFA62B9B42}.Debug|Any CPU.Build.0 = Debug|Any CPU
		{F2682F00-37D0-4806-A31C-7CDFA62B9B42}.Release|Any CPU.ActiveCfg = Release|Any CPU
		{F2682F00-37D0-4806-A31C-7CDFA62B9B42}.Release|Any CPU.Build.0 = Release|Any CPU
		{D692C304-6B0A-46B8-B0B8-57539D253273}.Debug|Any CPU.ActiveCfg = Debug|Any CPU
		{D692C304-6B0A-46B8-B0B8-57539D253273}.Debug|Any CPU.Build.0 = Debug|Any CPU
		{D692C304-6B0A-46B8-B0B8-57539D253273}.Release|Any CPU.ActiveCfg = Release|Any CPU
		{D692C304-6B0A-46B8-B0B8-57539D253273}.Release|Any CPU.Build.0 = Release|Any CPU
	EndGlobalSection
	GlobalSection(SolutionProperties) = preSolution
		HideSolutionNode = FALSE
	EndGlobalSection
	GlobalSection(ExtensibilityGlobals) = postSolution
		SolutionGuid = {DF3897B7-B7DF-4E93-A05C-0BADB7C49886}
	EndGlobalSection
EndGlobal
